
Microsoft Visual Studio Solution File, Format Version 12.00
# Visual Studio 15
VisualStudioVersion = 15.0.28010.2046
MinimumVisualStudioVersion = 10.0.40219.1
Project("{FAE04EC0-301F-11D3-BF4B-00C04F79EFBC}") = "VmWare", "VmWare\VmWare.csproj", "{D8D29744-B6DE-44D9-9587-E60A4D01C18B}"
EndProject
Global
	GlobalSection(SolutionConfigurationPlatforms) = preSolution
		Debug|Any CPU = Debug|Any CPU
		Release|Any CPU = Release|Any CPU
	EndGlobalSection
	GlobalSection(ProjectConfigurationPlatforms) = postSolution
		{D8D29744-B6DE-44D9-9587-E60A4D01C18B}.Debug|Any CPU.ActiveCfg = Debug|Any CPU
		{D8D29744-B6DE-44D9-9587-E60A4D01C18B}.Debug|Any CPU.Build.0 = Debug|Any CPU
		{D8D29744-B6DE-44D9-9587-E60A4D01C18B}.Release|Any CPU.ActiveCfg = Release|Any CPU
		{D8D29744-B6DE-44D9-9587-E60A4D01C18B}.Release|Any CPU.Build.0 = Release|Any CPU
	EndGlobalSection
	GlobalSection(SolutionProperties) = preSolution
		HideSolutionNode = FALSE
	EndGlobalSection
	GlobalSection(ExtensibilityGlobals) = postSolution
		SolutionGuid = {39B6DCE7-1AAF-44B0-9F55-9EC27FFB4ECC}
	EndGlobalSection
EndGlobal
